
Microsoft Visual Studio Solution File, Format Version 12.00
# Visual Studio Version 17
VisualStudioVersion = 17.0.31717.71
MinimumVisualStudioVersion = 10.0.40219.1
Project("{FAE04EC0-301F-11D3-BF4B-00C04F79EFBC}") = "Bookcase.Api", "Bookcase.Api\Bookcase.Api.csproj", "{731A42C5-0EA3-4E60-8DCB-C8FC22FC36DC}"
EndProject
Global
	GlobalSection(SolutionConfigurationPlatforms) = preSolution
		Debug|Any CPU = Debug|Any CPU
		Release|Any CPU = Release|Any CPU
	EndGlobalSection
	GlobalSection(ProjectConfigurationPlatforms) = postSolution
		{731A42C5-0EA3-4E60-8DCB-C8FC22FC36DC}.Debug|Any CPU.ActiveCfg = Debug|Any CPU
		{731A42C5-0EA3-4E60-8DCB-C8FC22FC36DC}.Debug|Any CPU.Build.0 = Debug|Any CPU
		{731A42C5-0EA3-4E60-8DCB-C8FC22FC36DC}.Release|Any CPU.ActiveCfg = Release|Any CPU
		{731A42C5-0EA3-4E60-8DCB-C8FC22FC36DC}.Release|Any CPU.Build.0 = Release|Any CPU
	EndGlobalSection
	GlobalSection(SolutionProperties) = preSolution
		HideSolutionNode = FALSE
	EndGlobalSection
	GlobalSection(ExtensibilityGlobals) = postSolution
		SolutionGuid = {248D7FB6-02DD-4A03-86C8-79CCD4786EAA}
	EndGlobalSection
EndGlobal
